
Microsoft Visual Studio Solution File, Format Version 12.00
# Visual Studio Version 17
VisualStudioVersion = 17.8.34309.116
MinimumVisualStudioVersion = 10.0.40219.1
Project("{FAE04EC0-301F-11D3-BF4B-00C04F79EFBC}") = "ExceptionHandling", "ExceptionHandling\ExceptionHandling.csproj", "{734D7A6A-D52A-40BA-BD9F-D4353D1E9273}"
EndProject
Global
	GlobalSection(SolutionConfigurationPlatforms) = preSolution
		Debug|Any CPU = Debug|Any CPU
		Release|Any CPU = Release|Any CPU
	EndGlobalSection
	GlobalSection(ProjectConfigurationPlatforms) = postSolution
		{734D7A6A-D52A-40BA-BD9F-D4353D1E9273}.Debug|Any CPU.ActiveCfg = Debug|Any CPU
		{734D7A6A-D52A-40BA-BD9F-D4353D1E9273}.Debug|Any CPU.Build.0 = Debug|Any CPU
		{734D7A6A-D52A-40BA-BD9F-D4353D1E9273}.Release|Any CPU.ActiveCfg = Release|Any CPU
		{734D7A6A-D52A-40BA-BD9F-D4353D1E9273}.Release|Any CPU.Build.0 = Release|Any CPU
	EndGlobalSection
	GlobalSection(SolutionProperties) = preSolution
		HideSolutionNode = FALSE
	EndGlobalSection
	GlobalSection(ExtensibilityGlobals) = postSolution
		SolutionGuid = {FD730031-B200-47D9-96AC-B43030B47CDA}
	EndGlobalSection
EndGlobal
